// !$*UTF8*$!
{
	archiveVersion = 1;
	classes = {
	};
	objectVersion = 46;
	objects = {

/* Begin PBXBuildFile section */
		87664F491EBCCBA300500634 /* AppDelegate.swift in Sources */ = {isa = PBXBuildFile; fileRef = 87664F481EBCCBA300500634 /* AppDelegate.swift */; };
		87664F501EBCCBA300500634 /* Assets.xcassets in Resources */ = {isa = PBXBuildFile; fileRef = 87664F4F1EBCCBA300500634 /* Assets.xcassets */; };
		87664F531EBCCBA300500634 /* LaunchScreen.storyboard in Resources */ = {isa = PBXBuildFile; fileRef = 87664F511EBCCBA300500634 /* LaunchScreen.storyboard */; };
		87664F621EBCCF8600500634 /* Main.storyboard in Resources */ = {isa = PBXBuildFile; fileRef = 87664F611EBCCF8600500634 /* Main.storyboard */; };
		87664F641EBCCFA500500634 /* ViewController.swift in Sources */ = {isa = PBXBuildFile; fileRef = 87664F631EBCCFA500500634 /* ViewController.swift */; };
/* End PBXBuildFile section */

/* Begin PBXFileReference section */
		87664F451EBCCBA300500634 /* Hotmart.app */ = {isa = PBXFileReference; explicitFileType = wrapper.application; includeInIndex = 0; path = Hotmart.app; sourceTree = BUILT_PRODUCTS_DIR; };
		87664F481EBCCBA300500634 /* AppDelegate.swift */ = {isa = PBXFileReference; lastKnownFileType = sourcecode.swift; path = AppDelegate.swift; sourceTree = "<group>"; };
		87664F4F1EBCCBA300500634 /* Assets.xcassets */ = {isa = PBXFileReference; lastKnownFileType = folder.assetcatalog; path = Assets.xcassets; sourceTree = "<group>"; };
		87664F521EBCCBA300500634 /* Base */ = {isa = PBXFileReference; lastKnownFileType = file.storyboard; name = Base; path = Base.lproj/LaunchScreen.storyboard; sourceTree = "<group>"; };
		87664F541EBCCBA300500634 /* Info.plist */ = {isa = PBXFileReference; lastKnownFileType = text.plist.xml; path = Info.plist; sourceTree = "<group>"; };
		87664F611EBCCF8600500634 /* Main.storyboard */ = {isa = PBXFileReference; fileEncoding = 4; lastKnownFileType = file.storyboard; path = Main.storyboard; sourceTree = "<group>"; };
		87664F631EBCCFA500500634 /* ViewController.swift */ = {isa = PBXFileReference; fileEncoding = 4; lastKnownFileType = sourcecode.swift; path = ViewController.swift; sourceTree = "<group>"; };
/* End PBXFileReference section */

/* Begin PBXFrameworksBuildPhase section */
		87664F421EBCCBA300500634 /* Frameworks */ = {
			isa = PBXFrameworksBuildPhase;
			buildActionMask = 2147483647;
			files = (
			);
			runOnlyForDeploymentPostprocessing = 0;
		};
/* End PBXFrameworksBuildPhase section */

/* Begin PBXGroup section */
		87664F3C1EBCCBA300500634 = {
			isa = PBXGroup;
			children = (
				87664F471EBCCBA300500634 /* Hotmart */,
				87664F461EBCCBA300500634 /* Products */,
			);
			sourceTree = "<group>";
		};
		87664F461EBCCBA300500634 /* Products */ = {
			isa = PBXGroup;
			children = (
				87664F451EBCCBA300500634 /* Hotmart.app */,
			);
			name = Products;
			sourceTree = "<group>";
		};
		87664F471EBCCBA300500634 /* Hotmart */ = {
			isa = PBXGroup;
			children = (
				87664F5F1EBCCF0900500634 /* Vendors */,
				87664F5A1EBCCEF700500634 /* Views */,
				87664F601EBCCF2100500634 /* Others */,
			);
			path = Hotmart;
			sourceTree = "<group>";
		};
		87664F5A1EBCCEF700500634 /* Views */ = {
			isa = PBXGroup;
			children = (
				87664F5B1EBCCEF700500634 /* Dashboard */,
				87664F5C1EBCCEF700500634 /* Main */,
				87664F5D1EBCCEF700500634 /* Messages */,
				87664F5E1EBCCEF700500634 /* MySales */,
			);
			path = Views;
			sourceTree = "<group>";
		};
		87664F5B1EBCCEF700500634 /* Dashboard */ = {
			isa = PBXGroup;
			children = (
			);
			path = Dashboard;
			sourceTree = "<group>";
		};
		87664F5C1EBCCEF700500634 /* Main */ = {
			isa = PBXGroup;
			children = (
				87664F611EBCCF8600500634 /* Main.storyboard */,
				87664F631EBCCFA500500634 /* ViewController.swift */,
			);
			path = Main;
			sourceTree = "<group>";
		};
		87664F5D1EBCCEF700500634 /* Messages */ = {
			isa = PBXGroup;
			children = (
			);
			path = Messages;
			sourceTree = "<group>";
		};
		87664F5E1EBCCEF700500634 /* MySales */ = {
			isa = PBXGroup;
			children = (
			);
			path = MySales;
			sourceTree = "<group>";
		};
		87664F5F1EBCCF0900500634 /* Vendors */ = {
			isa = PBXGroup;
			children = (
			);
			path = Vendors;
			sourceTree = "<group>";
		};
		87664F601EBCCF2100500634 /* Others */ = {
			isa = PBXGroup;
			children = (
				87664F481EBCCBA300500634 /* AppDelegate.swift */,
				87664F4F1EBCCBA300500634 /* Assets.xcassets */,
				87664F511EBCCBA300500634 /* LaunchScreen.storyboard */,
				87664F541EBCCBA300500634 /* Info.plist */,
			);
			name = Others;
			sourceTree = "<group>";
		};
/* End PBXGroup section */

/* Begin PBXNativeTarget section */
		87664F441EBCCBA300500634 /* Hotmart */ = {
			isa = PBXNativeTarget;
			buildConfigurationList = 87664F571EBCCBA300500634 /* Build configuration list for PBXNativeTarget "Hotmart" */;
			buildPhases = (
				87664F411EBCCBA300500634 /* Sources */,
				87664F421EBCCBA300500634 /* Frameworks */,
				87664F431EBCCBA300500634 /* Resources */,
			);
			buildRules = (
			);
			dependencies = (
			);
			name = Hotmart;
			productName = Hotmart;
			productReference = 87664F451EBCCBA300500634 /* Hotmart.app */;
			productType = "com.apple.product-type.application";
		};
/* End PBXNativeTarget section */

/* Begin PBXProject section */
		87664F3D1EBCCBA300500634 /* Project object */ = {
			isa = PBXProject;
			attributes = {
				LastSwiftUpdateCheck = 0830;
				LastUpgradeCheck = 0830;
				ORGANIZATIONNAME = "Andre Campos";
				TargetAttributes = {
					87664F441EBCCBA300500634 = {
						CreatedOnToolsVersion = 8.3.2;
						ProvisioningStyle = Automatic;
					};
				};
			};
			buildConfigurationList = 87664F401EBCCBA300500634 /* Build configuration list for PBXProject "Hotmart" */;
			compatibilityVersion = "Xcode 3.2";
			developmentRegion = English;
			hasScannedForEncodings = 0;
			knownRegions = (
				en,
				Base,
			);
			mainGroup = 87664F3C1EBCCBA300500634;
			productRefGroup = 87664F461EBCCBA300500634 /* Products */;
			projectDirPath = "";
			projectRoot = "";
			targets = (
				87664F441EBCCBA300500634 /* Hotmart */,
			);
		};
/* End PBXProject section */

/* Begin PBXResourcesBuildPhase section */
		87664F431EBCCBA300500634 /* Resources */ = {
			isa = PBXResourcesBuildPhase;
			buildActionMask = 2147483647;
			files = (
				87664F531EBCCBA300500634 /* LaunchScreen.storyboard in Resources */,
				87664F501EBCCBA300500634 /* Assets.xcassets in Resources */,
				87664F621EBCCF8600500634 /* Main.storyboard in Resources */,
			);
			runOnlyForDeploymentPostprocessing = 0;
		};
/* End PBXResourcesBuildPhase section */

/* Begin PBXSourcesBuildPhase section */
		87664F411EBCCBA300500634 /* Sources */ = {
			isa = PBXSourcesBuildPhase;
			buildActionMask = 2147483647;
			files = (
				87664F641EBCCFA500500634 /* ViewController.swift in Sources */,
				87664F491EBCCBA300500634 /* AppDelegate.swift in Sources */,
			);
			runOnlyForDeploymentPostprocessing = 0;
		};
/* End PBXSourcesBuildPhase section */

/* Begin PBXVariantGroup section */
		87664F511EBCCBA300500634 /* LaunchScreen.storyboard */ = {
			isa = PBXVariantGroup;
			children = (
				87664F521EBCCBA300500634 /* Base */,
			);
			name = LaunchScreen.storyboard;
			sourceTree = "<group>";
		};
/* End PBXVariantGroup section */

/* Begin XCBuildConfiguration section */
		87664F551EBCCBA300500634 /* Debug */ = {
			isa = XCBuildConfiguration;
			buildSettings = {
				ALWAYS_SEARCH_USER_PATHS = NO;
				CLANG_ANALYZER_NONNULL = YES;
				CLANG_ANALYZER_NUMBER_OBJECT_CONVERSION = YES_AGGRESSIVE;
				CLANG_CXX_LANGUAGE_STANDARD = "gnu++0x";
				CLANG_CXX_LIBRARY = "libc++";
				CLANG_ENABLE_MODULES = YES;
				CLANG_ENABLE_OBJC_ARC = YES;
				CLANG_WARN_BOOL_CONVERSION = YES;
				CLANG_WARN_CONSTANT_CONVERSION = YES;
				CLANG_WARN_DIRECT_OBJC_ISA_USAGE = YES_ERROR;
				CLANG_WARN_DOCUMENTATION_COMMENTS = YES;
				CLANG_WARN_EMPTY_BODY = YES;
				CLANG_WARN_ENUM_CONVERSION = YES;
				CLANG_WARN_INFINITE_RECURSION = YES;
				CLANG_WARN_INT_CONVERSION = YES;
				CLANG_WARN_OBJC_ROOT_CLASS = YES_ERROR;
				CLANG_WARN_SUSPICIOUS_MOVE = YES;
				CLANG_WARN_UNREACHABLE_CODE = YES;
				CLANG_WARN__DUPLICATE_METHOD_MATCH = YES;
				"CODE_SIGN_IDENTITY[sdk=iphoneos*]" = "iPhone Developer";
				COPY_PHASE_STRIP = NO;
				DEBUG_INFORMATION_FORMAT = dwarf;
				ENABLE_STRICT_OBJC_MSGSEND = YES;
				ENABLE_TESTABILITY = YES;
				GCC_C_LANGUAGE_STANDARD = gnu99;
				GCC_DYNAMIC_NO_PIC = NO;
				GCC_NO_COMMON_BLOCKS = YES;
				GCC_OPTIMIZATION_LEVEL = 0;
				GCC_PREPROCESSOR_DEFINITIONS = (
					"DEBUG=1",
					"$(inherited)",
				);
				GCC_WARN_64_TO_32_BIT_CONVERSION = YES;
				GCC_WARN_ABOUT_RETURN_TYPE = YES_ERROR;
				GCC_WARN_UNDECLARED_SELECTOR = YES;
				GCC_WARN_UNINITIALIZED_AUTOS = YES_AGGRESSIVE;
				GCC_WARN_UNUSED_FUNCTION = YES;
				GCC_WARN_UNUSED_VARIABLE = YES;
				IPHONEOS_DEPLOYMENT_TARGET = 10.3;
				MTL_ENABLE_DEBUG_INFO = YES;
				ONLY_ACTIVE_ARCH = YES;
				SDKROOT = iphoneos;
				SWIFT_ACTIVE_COMPILATION_CONDITIONS = DEBUG;
				SWIFT_OPTIMIZATION_LEVEL = "-Onone";
			};
			name = Debug;
		};
		87664F561EBCCBA300500634 /* Release */ = {
			isa = XCBuildConfiguration;
			buildSettings = {
				ALWAYS_SEARCH_USER_PATHS = NO;
				CLANG_ANALYZER_NONNULL = YES;
				CLANG_ANALYZER_NUMBER_OBJECT_CONVERSION = YES_AGGRESSIVE;
				CLANG_CXX_LANGUAGE_STANDARD = "gnu++0x";
				CLANG_CXX_LIBRARY = "libc++";
				CLANG_ENABLE_MODULES = YES;
				CLANG_ENABLE_OBJC_ARC = YES;
				CLANG_WARN_BOOL_CONVERSION = YES;
				CLANG_WARN_CONSTANT_CONVERSION = YES;
				CLANG_WARN_DIRECT_OBJC_ISA_USAGE = YES_ERROR;
				CLANG_WARN_DOCUMENTATION_COMMENTS = YES;
				CLANG_WARN_EMPTY_BODY = YES;
				CLANG_WARN_ENUM_CONVERSION = YES;
				CLANG_WARN_INFINITE_RECURSION = YES;
				CLANG_WARN_INT_CONVERSION = YES;
				CLANG_WARN_OBJC_ROOT_CLASS = YES_ERROR;
				CLANG_WARN_SUSPICIOUS_MOVE = YES;
				CLANG_WARN_UNREACHABLE_CODE = YES;
				CLANG_WARN__DUPLICATE_METHOD_MATCH = YES;
				"CODE_SIGN_IDENTITY[sdk=iphoneos*]" = "iPhone Developer";
				COPY_PHASE_STRIP = NO;
				DEBUG_INFORMATION_FORMAT = "dwarf-with-dsym";
				ENABLE_NS_ASSERTIONS = NO;
				ENABLE_STRICT_OBJC_MSGSEND = YES;
				GCC_C_LANGUAGE_STANDARD = gnu99;
				GCC_NO_COMMON_BLOCKS = YES;
				GCC_WARN_64_TO_32_BIT_CONVERSION = YES;
				GCC_WARN_ABOUT_RETURN_TYPE = YES_ERROR;
				GCC_WARN_UNDECLARED_SELECTOR = YES;
				GCC_WARN_UNINITIALIZED_AUTOS = YES_AGGRESSIVE;
				GCC_WARN_UNUSED_FUNCTION = YES;
				GCC_WARN_UNUSED_VARIABLE = YES;
				IPHONEOS_DEPLOYMENT_TARGET = 10.3;
				MTL_ENABLE_DEBUG_INFO = NO;
				SDKROOT = iphoneos;
				SWIFT_OPTIMIZATION_LEVEL = "-Owholemodule";
				VALIDATE_PRODUCT = YES;
			};
			name = Release;
		};
		87664F581EBCCBA300500634 /* Debug */ = {
			isa = XCBuildConfiguration;
			buildSettings = {
				ASSETCATALOG_COMPILER_APPICON_NAME = AppIcon;
				INFOPLIST_FILE = Hotmart/Info.plist;
				LD_RUNPATH_SEARCH_PATHS = "$(inherited) @executable_path/Frameworks";
				PRODUCT_BUNDLE_IDENTIFIER = br.com.andrecampos.Hotmart;
				PRODUCT_NAME = "$(TARGET_NAME)";
				SWIFT_VERSION = 3.0;
			};
			name = Debug;
		};
		87664F591EBCCBA300500634 /* Release */ = {
			isa = XCBuildConfiguration;
			buildSettings = {
				ASSETCATALOG_COMPILER_APPICON_NAME = AppIcon;
				INFOPLIST_FILE = Hotmart/Info.plist;
				LD_RUNPATH_SEARCH_PATHS = "$(inherited) @executable_path/Frameworks";
				PRODUCT_BUNDLE_IDENTIFIER = br.com.andrecampos.Hotmart;
				PRODUCT_NAME = "$(TARGET_NAME)";
				SWIFT_VERSION = 3.0;
			};
			name = Release;
		};
/* End XCBuildConfiguration section */

/* Begin XCConfigurationList section */
		87664F401EBCCBA300500634 /* Build configuration list for PBXProject "Hotmart" */ = {
			isa = XCConfigurationList;
			buildConfigurations = (
				87664F551EBCCBA300500634 /* Debug */,
				87664F561EBCCBA300500634 /* Release */,
			);
			defaultConfigurationIsVisible = 0;
			defaultConfigurationName = Release;
		};
		87664F571EBCCBA300500634 /* Build configuration list for PBXNativeTarget "Hotmart" */ = {
			isa = XCConfigurationList;
			buildConfigurations = (
				87664F581EBCCBA300500634 /* Debug */,
				87664F591EBCCBA300500634 /* Release */,
			);
			defaultConfigurationIsVisible = 0;
		};
/* End XCConfigurationList section */
	};
	rootObject = 87664F3D1EBCCBA300500634 /* Project object */;
}
